// !$*UTF8*$!
{
	archiveVersion = 1;
	classes = {
	};
	objectVersion = 46;
	objects = {

/* Begin PBXBuildFile section */
		16B178821BFE48A3000DA22E /* AppDelegate.swift in Sources */ = {isa = PBXBuildFile; fileRef = 16B178811BFE48A3000DA22E /* AppDelegate.swift */; };
		16B178841BFE48A3000DA22E /* ViewController.swift in Sources */ = {isa = PBXBuildFile; fileRef = 16B178831BFE48A3000DA22E /* ViewController.swift */; };
		16B178871BFE48A3000DA22E /* Main.storyboard in Resources */ = {isa = PBXBuildFile; fileRef = 16B178851BFE48A3000DA22E /* Main.storyboard */; };
		16B178891BFE48A3000DA22E /* Assets.xcassets in Resources */ = {isa = PBXBuildFile; fileRef = 16B178881BFE48A3000DA22E /* Assets.xcassets */; };
		16B1788C1BFE48A3000DA22E /* LaunchScreen.storyboard in Resources */ = {isa = PBXBuildFile; fileRef = 16B1788A1BFE48A3000DA22E /* LaunchScreen.storyboard */; };
		16B178971BFE48A3000DA22E /* Mini_Moodle__5Tests.swift in Sources */ = {isa = PBXBuildFile; fileRef = 16B178961BFE48A3000DA22E /* Mini_Moodle__5Tests.swift */; };
		16B178A21BFE48A3000DA22E /* Mini_Moodle__5UITests.swift in Sources */ = {isa = PBXBuildFile; fileRef = 16B178A11BFE48A3000DA22E /* Mini_Moodle__5UITests.swift */; };
		16B178B21BFE706D000DA22E /* CoursesViewController.swift in Sources */ = {isa = PBXBuildFile; fileRef = 16B178B11BFE706D000DA22E /* CoursesViewController.swift */; };
		16B178B41BFE71AB000DA22E /* AddCoursesTableViewController.swift in Sources */ = {isa = PBXBuildFile; fileRef = 16B178B31BFE71AB000DA22E /* AddCoursesTableViewController.swift */; };
/* End PBXBuildFile section */

/* Begin PBXContainerItemProxy section */
		16B178931BFE48A3000DA22E /* PBXContainerItemProxy */ = {
			isa = PBXContainerItemProxy;
			containerPortal = 16B178761BFE48A3000DA22E /* Project object */;
			proxyType = 1;
			remoteGlobalIDString = 16B1787D1BFE48A3000DA22E;
			remoteInfo = "Mini Moodle #5";
		};
		16B1789E1BFE48A3000DA22E /* PBXContainerItemProxy */ = {
			isa = PBXContainerItemProxy;
			containerPortal = 16B178761BFE48A3000DA22E /* Project object */;
			proxyType = 1;
			remoteGlobalIDString = 16B1787D1BFE48A3000DA22E;
			remoteInfo = "Mini Moodle #5";
		};
/* End PBXContainerItemProxy section */

/* Begin PBXFileReference section */
		16B1787E1BFE48A3000DA22E /* Mini Moodle #5.app */ = {isa = PBXFileReference; explicitFileType = wrapper.application; includeInIndex = 0; path = "Mini Moodle #5.app"; sourceTree = BUILT_PRODUCTS_DIR; };
		16B178811BFE48A3000DA22E /* AppDelegate.swift */ = {isa = PBXFileReference; lastKnownFileType = sourcecode.swift; path = AppDelegate.swift; sourceTree = "<group>"; };
		16B178831BFE48A3000DA22E /* ViewController.swift */ = {isa = PBXFileReference; lastKnownFileType = sourcecode.swift; path = ViewController.swift; sourceTree = "<group>"; };
		16B178861BFE48A3000DA22E /* Base */ = {isa = PBXFileReference; lastKnownFileType = file.storyboard; name = Base; path = Base.lproj/Main.storyboard; sourceTree = "<group>"; };
		16B178881BFE48A3000DA22E /* Assets.xcassets */ = {isa = PBXFileReference; lastKnownFileType = folder.assetcatalog; path = Assets.xcassets; sourceTree = "<group>"; };
		16B1788B1BFE48A3000DA22E /* Base */ = {isa = PBXFileReference; lastKnownFileType = file.storyboard; name = Base; path = Base.lproj/LaunchScreen.storyboard; sourceTree = "<group>"; };
		16B1788D1BFE48A3000DA22E /* Info.plist */ = {isa = PBXFileReference; lastKnownFileType = text.plist.xml; name = Info.plist; path = "Mini Moodle #5/Info.plist"; sourceTree = "<group>"; };
		16B178921BFE48A3000DA22E /* Mini Moodle #5Tests.xctest */ = {isa = PBXFileReference; explicitFileType = wrapper.cfbundle; includeInIndex = 0; path = "Mini Moodle #5Tests.xctest"; sourceTree = BUILT_PRODUCTS_DIR; };
		16B178961BFE48A3000DA22E /* Mini_Moodle__5Tests.swift */ = {isa = PBXFileReference; lastKnownFileType = sourcecode.swift; path = Mini_Moodle__5Tests.swift; sourceTree = "<group>"; };
		16B178981BFE48A3000DA22E /* Info.plist */ = {isa = PBXFileReference; lastKnownFileType = text.plist.xml; path = Info.plist; sourceTree = "<group>"; };
		16B1789D1BFE48A3000DA22E /* Mini Moodle #5UITests.xctest */ = {isa = PBXFileReference; explicitFileType = wrapper.cfbundle; includeInIndex = 0; path = "Mini Moodle #5UITests.xctest"; sourceTree = BUILT_PRODUCTS_DIR; };
		16B178A11BFE48A3000DA22E /* Mini_Moodle__5UITests.swift */ = {isa = PBXFileReference; lastKnownFileType = sourcecode.swift; path = Mini_Moodle__5UITests.swift; sourceTree = "<group>"; };
		16B178A31BFE48A3000DA22E /* Info.plist */ = {isa = PBXFileReference; lastKnownFileType = text.plist.xml; path = Info.plist; sourceTree = "<group>"; };
		16B178B11BFE706D000DA22E /* CoursesViewController.swift */ = {isa = PBXFileReference; fileEncoding = 4; lastKnownFileType = sourcecode.swift; path = CoursesViewController.swift; sourceTree = "<group>"; };
		16B178B31BFE71AB000DA22E /* AddCoursesTableViewController.swift */ = {isa = PBXFileReference; fileEncoding = 4; lastKnownFileType = sourcecode.swift; path = AddCoursesTableViewController.swift; sourceTree = "<group>"; };
/* End PBXFileReference section */

/* Begin PBXFrameworksBuildPhase section */
		16B1787B1BFE48A3000DA22E /* Frameworks */ = {
			isa = PBXFrameworksBuildPhase;
			buildActionMask = 2147483647;
			files = (
			);
			runOnlyForDeploymentPostprocessing = 0;
		};
		16B1788F1BFE48A3000DA22E /* Frameworks */ = {
			isa = PBXFrameworksBuildPhase;
			buildActionMask = 2147483647;
			files = (
			);
			runOnlyForDeploymentPostprocessing = 0;
		};
		16B1789A1BFE48A3000DA22E /* Frameworks */ = {
			isa = PBXFrameworksBuildPhase;
			buildActionMask = 2147483647;
			files = (
			);
			runOnlyForDeploymentPostprocessing = 0;
		};
/* End PBXFrameworksBuildPhase section */

/* Begin PBXGroup section */
		16B178751BFE48A3000DA22E = {
			isa = PBXGroup;
			children = (
				16B178801BFE48A3000DA22E /* Mini Moodle #5 */,
				16B178951BFE48A3000DA22E /* Mini Moodle #5Tests */,
				16B178A01BFE48A3000DA22E /* Mini Moodle #5UITests */,
				16B1787F1BFE48A3000DA22E /* Products */,
				16B1788D1BFE48A3000DA22E /* Info.plist */,
			);
			sourceTree = "<group>";
		};
		16B1787F1BFE48A3000DA22E /* Products */ = {
			isa = PBXGroup;
			children = (
				16B1787E1BFE48A3000DA22E /* Mini Moodle #5.app */,
				16B178921BFE48A3000DA22E /* Mini Moodle #5Tests.xctest */,
				16B1789D1BFE48A3000DA22E /* Mini Moodle #5UITests.xctest */,
			);
			name = Products;
			sourceTree = "<group>";
		};
		16B178801BFE48A3000DA22E /* Mini Moodle #5 */ = {
			isa = PBXGroup;
			children = (
				16B178811BFE48A3000DA22E /* AppDelegate.swift */,
				16B178831BFE48A3000DA22E /* ViewController.swift */,
				16B178B11BFE706D000DA22E /* CoursesViewController.swift */,
				16B178B31BFE71AB000DA22E /* AddCoursesTableViewController.swift */,
				16B178881BFE48A3000DA22E /* Assets.xcassets */,
				16B178851BFE48A3000DA22E /* Main.storyboard */,
				16B1788A1BFE48A3000DA22E /* LaunchScreen.storyboard */,
			);
			path = "Mini Moodle #5";
			sourceTree = "<group>";
		};
		16B178951BFE48A3000DA22E /* Mini Moodle #5Tests */ = {
			isa = PBXGroup;
			children = (
				16B178961BFE48A3000DA22E /* Mini_Moodle__5Tests.swift */,
				16B178981BFE48A3000DA22E /* Info.plist */,
			);
			path = "Mini Moodle #5Tests";
			sourceTree = "<group>";
		};
		16B178A01BFE48A3000DA22E /* Mini Moodle #5UITests */ = {
			isa = PBXGroup;
			children = (
				16B178A11BFE48A3000DA22E /* Mini_Moodle__5UITests.swift */,
				16B178A31BFE48A3000DA22E /* Info.plist */,
			);
			path = "Mini Moodle #5UITests";
			sourceTree = "<group>";
		};
/* End PBXGroup section */

/* Begin PBXNativeTarget section */
		16B1787D1BFE48A3000DA22E /* Mini Moodle #5 */ = {
			isa = PBXNativeTarget;
			buildConfigurationList = 16B178A61BFE48A3000DA22E /* Build configuration list for PBXNativeTarget "Mini Moodle #5" */;
			buildPhases = (
				16B1787A1BFE48A3000DA22E /* Sources */,
				16B1787B1BFE48A3000DA22E /* Frameworks */,
				16B1787C1BFE48A3000DA22E /* Resources */,
			);
			buildRules = (
			);
			dependencies = (
			);
			name = "Mini Moodle #5";
			productName = "Mini Moodle #5";
			productReference = 16B1787E1BFE48A3000DA22E /* Mini Moodle #5.app */;
			productType = "com.apple.product-type.application";
		};
		16B178911BFE48A3000DA22E /* Mini Moodle #5Tests */ = {
			isa = PBXNativeTarget;
			buildConfigurationList = 16B178A91BFE48A3000DA22E /* Build configuration list for PBXNativeTarget "Mini Moodle #5Tests" */;
			buildPhases = (
				16B1788E1BFE48A3000DA22E /* Sources */,
				16B1788F1BFE48A3000DA22E /* Frameworks */,
				16B178901BFE48A3000DA22E /* Resources */,
			);
			buildRules = (
			);
			dependencies = (
				16B178941BFE48A3000DA22E /* PBXTargetDependency */,
			);
			name = "Mini Moodle #5Tests";
			productName = "Mini Moodle #5Tests";
			productReference = 16B178921BFE48A3000DA22E /* Mini Moodle #5Tests.xctest */;
			productType = "com.apple.product-type.bundle.unit-test";
		};
		16B1789C1BFE48A3000DA22E /* Mini Moodle #5UITests */ = {
			isa = PBXNativeTarget;
			buildConfigurationList = 16B178AC1BFE48A3000DA22E /* Build configuration list for PBXNativeTarget "Mini Moodle #5UITests" */;
			buildPhases = (
				16B178991BFE48A3000DA22E /* Sources */,
				16B1789A1BFE48A3000DA22E /* Frameworks */,
				16B1789B1BFE48A3000DA22E /* Resources */,
			);
			buildRules = (
			);
			dependencies = (
				16B1789F1BFE48A3000DA22E /* PBXTargetDependency */,
			);
			name = "Mini Moodle #5UITests";
			productName = "Mini Moodle #5UITests";
			productReference = 16B1789D1BFE48A3000DA22E /* Mini Moodle #5UITests.xctest */;
			productType = "com.apple.product-type.bundle.ui-testing";
		};
/* End PBXNativeTarget section */

/* Begin PBXProject section */
		16B178761BFE48A3000DA22E /* Project object */ = {
			isa = PBXProject;
			attributes = {
				LastSwiftUpdateCheck = 0710;
				LastUpgradeCheck = 0710;
				ORGANIZATIONNAME = Divine;
				TargetAttributes = {
					16B1787D1BFE48A3000DA22E = {
						CreatedOnToolsVersion = 7.1.1;
					};
					16B178911BFE48A3000DA22E = {
						CreatedOnToolsVersion = 7.1.1;
						TestTargetID = 16B1787D1BFE48A3000DA22E;
					};
					16B1789C1BFE48A3000DA22E = {
						CreatedOnToolsVersion = 7.1.1;
						TestTargetID = 16B1787D1BFE48A3000DA22E;
					};
				};
			};
			buildConfigurationList = 16B178791BFE48A3000DA22E /* Build configuration list for PBXProject "Mini Moodle #5" */;
			compatibilityVersion = "Xcode 3.2";
			developmentRegion = English;
			hasScannedForEncodings = 0;
			knownRegions = (
				en,
				Base,
			);
			mainGroup = 16B178751BFE48A3000DA22E;
			productRefGroup = 16B1787F1BFE48A3000DA22E /* Products */;
			projectDirPath = "";
			projectRoot = "";
			targets = (
				16B1787D1BFE48A3000DA22E /* Mini Moodle #5 */,
				16B178911BFE48A3000DA22E /* Mini Moodle #5Tests */,
				16B1789C1BFE48A3000DA22E /* Mini Moodle #5UITests */,
			);
		};
/* End PBXProject section */

/* Begin PBXResourcesBuildPhase section */
		16B1787C1BFE48A3000DA22E /* Resources */ = {
			isa = PBXResourcesBuildPhase;
			buildActionMask = 2147483647;
			files = (
				16B1788C1BFE48A3000DA22E /* LaunchScreen.storyboard in Resources */,
				16B178891BFE48A3000DA22E /* Assets.xcassets in Resources */,
				16B178871BFE48A3000DA22E /* Main.storyboard in Resources */,
			);
			runOnlyForDeploymentPostprocessing = 0;
		};
		16B178901BFE48A3000DA22E /* Resources */ = {
			isa = PBXResourcesBuildPhase;
			buildActionMask = 2147483647;
			files = (
			);
			runOnlyForDeploymentPostprocessing = 0;
		};
		16B1789B1BFE48A3000DA22E /* Resources */ = {
			isa = PBXResourcesBuildPhase;
			buildActionMask = 2147483647;
			files = (
			);
			runOnlyForDeploymentPostprocessing = 0;
		};
/* End PBXResourcesBuildPhase section */

/* Begin PBXSourcesBuildPhase section */
		16B1787A1BFE48A3000DA22E /* Sources */ = {
			isa = PBXSourcesBuildPhase;
			buildActionMask = 2147483647;
			files = (
				16B178841BFE48A3000DA22E /* ViewController.swift in Sources */,
				16B178821BFE48A3000DA22E /* AppDelegate.swift in Sources */,
				16B178B41BFE71AB000DA22E /* AddCoursesTableViewController.swift in Sources */,
				16B178B21BFE706D000DA22E /* CoursesViewController.swift in Sources */,
			);
			runOnlyForDeploymentPostprocessing = 0;
		};
		16B1788E1BFE48A3000DA22E /* Sources */ = {
			isa = PBXSourcesBuildPhase;
			buildActionMask = 2147483647;
			files = (
				16B178971BFE48A3000DA22E /* Mini_Moodle__5Tests.swift in Sources */,
			);
			runOnlyForDeploymentPostprocessing = 0;
		};
		16B178991BFE48A3000DA22E /* Sources */ = {
			isa = PBXSourcesBuildPhase;
			buildActionMask = 2147483647;
			files = (
				16B178A21BFE48A3000DA22E /* Mini_Moodle__5UITests.swift in Sources */,
			);
			runOnlyForDeploymentPostprocessing = 0;
		};
/* End PBXSourcesBuildPhase section */

/* Begin PBXTargetDependency section */
		16B178941BFE48A3000DA22E /* PBXTargetDependency */ = {
			isa = PBXTargetDependency;
			target = 16B1787D1BFE48A3000DA22E /* Mini Moodle #5 */;
			targetProxy = 16B178931BFE48A3000DA22E /* PBXContainerItemProxy */;
		};
		16B1789F1BFE48A3000DA22E /* PBXTargetDependency */ = {
			isa = PBXTargetDependency;
			target = 16B1787D1BFE48A3000DA22E /* Mini Moodle #5 */;
			targetProxy = 16B1789E1BFE48A3000DA22E /* PBXContainerItemProxy */;
		};
/* End PBXTargetDependency section */

/* Begin PBXVariantGroup section */
		16B178851BFE48A3000DA22E /* Main.storyboard */ = {
			isa = PBXVariantGroup;
			children = (
				16B178861BFE48A3000DA22E /* Base */,
			);
			name = Main.storyboard;
			sourceTree = "<group>";
		};
		16B1788A1BFE48A3000DA22E /* LaunchScreen.storyboard */ = {
			isa = PBXVariantGroup;
			children = (
				16B1788B1BFE48A3000DA22E /* Base */,
			);
			name = LaunchScreen.storyboard;
			sourceTree = "<group>";
		};
/* End PBXVariantGroup section */

/* Begin XCBuildConfiguration section */
		16B178A41BFE48A3000DA22E /* Debug */ = {
			isa = XCBuildConfiguration;
			buildSettings = {
				ALWAYS_SEARCH_USER_PATHS = NO;
				CLANG_CXX_LANGUAGE_STANDARD = "gnu++0x";
				CLANG_CXX_LIBRARY = "libc++";
				CLANG_ENABLE_MODULES = YES;
				CLANG_ENABLE_OBJC_ARC = YES;
				CLANG_WARN_BOOL_CONVERSION = YES;
				CLANG_WARN_CONSTANT_CONVERSION = YES;
				CLANG_WARN_DIRECT_OBJC_ISA_USAGE = YES_ERROR;
				CLANG_WARN_EMPTY_BODY = YES;
				CLANG_WARN_ENUM_CONVERSION = YES;
				CLANG_WARN_INT_CONVERSION = YES;
				CLANG_WARN_OBJC_ROOT_CLASS = YES_ERROR;
				CLANG_WARN_UNREACHABLE_CODE = YES;
				CLANG_WARN__DUPLICATE_METHOD_MATCH = YES;
				"CODE_SIGN_IDENTITY[sdk=iphoneos*]" = "iPhone Developer";
				COPY_PHASE_STRIP = NO;
				DEBUG_INFORMATION_FORMAT = dwarf;
				ENABLE_STRICT_OBJC_MSGSEND = YES;
				ENABLE_TESTABILITY = YES;
				GCC_C_LANGUAGE_STANDARD = gnu99;
				GCC_DYNAMIC_NO_PIC = NO;
				GCC_NO_COMMON_BLOCKS = YES;
				GCC_OPTIMIZATION_LEVEL = 0;
				GCC_PREPROCESSOR_DEFINITIONS = (
					"DEBUG=1",
					"$(inherited)",
				);
				GCC_WARN_64_TO_32_BIT_CONVERSION = YES;
				GCC_WARN_ABOUT_RETURN_TYPE = YES_ERROR;
				GCC_WARN_UNDECLARED_SELECTOR = YES;
				GCC_WARN_UNINITIALIZED_AUTOS = YES_AGGRESSIVE;
				GCC_WARN_UNUSED_FUNCTION = YES;
				GCC_WARN_UNUSED_VARIABLE = YES;
				IPHONEOS_DEPLOYMENT_TARGET = 9.1;
				MTL_ENABLE_DEBUG_INFO = YES;
				ONLY_ACTIVE_ARCH = YES;
				SDKROOT = iphoneos;
				SWIFT_OPTIMIZATION_LEVEL = "-Onone";
			};
			name = Debug;
		};
		16B178A51BFE48A3000DA22E /* Release */ = {
			isa = XCBuildConfiguration;
			buildSettings = {
				ALWAYS_SEARCH_USER_PATHS = NO;
				CLANG_CXX_LANGUAGE_STANDARD = "gnu++0x";
				CLANG_CXX_LIBRARY = "libc++";
				CLANG_ENABLE_MODULES = YES;
				CLANG_ENABLE_OBJC_ARC = YES;
				CLANG_WARN_BOOL_CONVERSION = YES;
				CLANG_WARN_CONSTANT_CONVERSION = YES;
				CLANG_WARN_DIRECT_OBJC_ISA_USAGE = YES_ERROR;
				CLANG_WARN_EMPTY_BODY = YES;
				CLANG_WARN_ENUM_CONVERSION = YES;
				CLANG_WARN_INT_CONVERSION = YES;
				CLANG_WARN_OBJC_ROOT_CLASS = YES_ERROR;
				CLANG_WARN_UNREACHABLE_CODE = YES;
				CLANG_WARN__DUPLICATE_METHOD_MATCH = YES;
				"CODE_SIGN_IDENTITY[sdk=iphoneos*]" = "iPhone Developer";
				COPY_PHASE_STRIP = NO;
				DEBUG_INFORMATION_FORMAT = "dwarf-with-dsym";
				ENABLE_NS_ASSERTIONS = NO;
				ENABLE_STRICT_OBJC_MSGSEND = YES;
				GCC_C_LANGUAGE_STANDARD = gnu99;
				GCC_NO_COMMON_BLOCKS = YES;
				GCC_WARN_64_TO_32_BIT_CONVERSION = YES;
				GCC_WARN_ABOUT_RETURN_TYPE = YES_ERROR;
				GCC_WARN_UNDECLARED_SELECTOR = YES;
				GCC_WARN_UNINITIALIZED_AUTOS = YES_AGGRESSIVE;
				GCC_WARN_UNUSED_FUNCTION = YES;
				GCC_WARN_UNUSED_VARIABLE = YES;
				IPHONEOS_DEPLOYMENT_TARGET = 9.1;
				MTL_ENABLE_DEBUG_INFO = NO;
				SDKROOT = iphoneos;
				VALIDATE_PRODUCT = YES;
			};
			name = Release;
		};
		16B178A71BFE48A3000DA22E /* Debug */ = {
			isa = XCBuildConfiguration;
			buildSettings = {
				ASSETCATALOG_COMPILER_APPICON_NAME = AppIcon;
				INFOPLIST_FILE = "Mini Moodle #5/Info.plist";
				LD_RUNPATH_SEARCH_PATHS = "$(inherited) @executable_path/Frameworks";
				PRODUCT_BUNDLE_IDENTIFIER = "divinedavis.Mini-Moodle--5";
				PRODUCT_NAME = "$(TARGET_NAME)";
			};
			name = Debug;
		};
		16B178A81BFE48A3000DA22E /* Release */ = {
			isa = XCBuildConfiguration;
			buildSettings = {
				ASSETCATALOG_COMPILER_APPICON_NAME = AppIcon;
				INFOPLIST_FILE = "Mini Moodle #5/Info.plist";
				LD_RUNPATH_SEARCH_PATHS = "$(inherited) @executable_path/Frameworks";
				PRODUCT_BUNDLE_IDENTIFIER = "divinedavis.Mini-Moodle--5";
				PRODUCT_NAME = "$(TARGET_NAME)";
			};
			name = Release;
		};
		16B178AA1BFE48A3000DA22E /* Debug */ = {
			isa = XCBuildConfiguration;
			buildSettings = {
				BUNDLE_LOADER = "$(TEST_HOST)";
				INFOPLIST_FILE = "Mini Moodle #5Tests/Info.plist";
				LD_RUNPATH_SEARCH_PATHS = "$(inherited) @executable_path/Frameworks @loader_path/Frameworks";
				PRODUCT_BUNDLE_IDENTIFIER = "divinedavis.Mini-Moodle--5Tests";
				PRODUCT_NAME = "$(TARGET_NAME)";
				TEST_HOST = "$(BUILT_PRODUCTS_DIR)/Mini Moodle #5.app/Mini Moodle #5";
			};
			name = Debug;
		};
		16B178AB1BFE48A3000DA22E /* Release */ = {
			isa = XCBuildConfiguration;
			buildSettings = {
				BUNDLE_LOADER = "$(TEST_HOST)";
				INFOPLIST_FILE = "Mini Moodle #5Tests/Info.plist";
				LD_RUNPATH_SEARCH_PATHS = "$(inherited) @executable_path/Frameworks @loader_path/Frameworks";
				PRODUCT_BUNDLE_IDENTIFIER = "divinedavis.Mini-Moodle--5Tests";
				PRODUCT_NAME = "$(TARGET_NAME)";
				TEST_HOST = "$(BUILT_PRODUCTS_DIR)/Mini Moodle #5.app/Mini Moodle #5";
			};
			name = Release;
		};
		16B178AD1BFE48A3000DA22E /* Debug */ = {
			isa = XCBuildConfiguration;
			buildSettings = {
				INFOPLIST_FILE = "Mini Moodle #5UITests/Info.plist";
				LD_RUNPATH_SEARCH_PATHS = "$(inherited) @executable_path/Frameworks @loader_path/Frameworks";
				PRODUCT_BUNDLE_IDENTIFIER = "divinedavis.Mini-Moodle--5UITests";
				PRODUCT_NAME = "$(TARGET_NAME)";
				TEST_TARGET_NAME = "Mini Moodle #5";
				USES_XCTRUNNER = YES;
			};
			name = Debug;
		};
		16B178AE1BFE48A3000DA22E /* Release */ = {
			isa = XCBuildConfiguration;
			buildSettings = {
				INFOPLIST_FILE = "Mini Moodle #5UITests/Info.plist";
				LD_RUNPATH_SEARCH_PATHS = "$(inherited) @executable_path/Frameworks @loader_path/Frameworks";
				PRODUCT_BUNDLE_IDENTIFIER = "divinedavis.Mini-Moodle--5UITests";
				PRODUCT_NAME = "$(TARGET_NAME)";
				TEST_TARGET_NAME = "Mini Moodle #5";
				USES_XCTRUNNER = YES;
			};
			name = Release;
		};
/* End XCBuildConfiguration section */

/* Begin XCConfigurationList section */
		16B178791BFE48A3000DA22E /* Build configuration list for PBXProject "Mini Moodle #5" */ = {
			isa = XCConfigurationList;
			buildConfigurations = (
				16B178A41BFE48A3000DA22E /* Debug */,
				16B178A51BFE48A3000DA22E /* Release */,
			);
			defaultConfigurationIsVisible = 0;
			defaultConfigurationName = Release;
		};
		16B178A61BFE48A3000DA22E /* Build configuration list for PBXNativeTarget "Mini Moodle #5" */ = {
			isa = XCConfigurationList;
			buildConfigurations = (
				16B178A71BFE48A3000DA22E /* Debug */,
				16B178A81BFE48A3000DA22E /* Release */,
			);
			defaultConfigurationIsVisible = 0;
		};
		16B178A91BFE48A3000DA22E /* Build configuration list for PBXNativeTarget "Mini Moodle #5Tests" */ = {
			isa = XCConfigurationList;
			buildConfigurations = (
				16B178AA1BFE48A3000DA22E /* Debug */,
				16B178AB1BFE48A3000DA22E /* Release */,
			);
			defaultConfigurationIsVisible = 0;
		};
		16B178AC1BFE48A3000DA22E /* Build configuration list for PBXNativeTarget "Mini Moodle #5UITests" */ = {
			isa = XCConfigurationList;
			buildConfigurations = (
				16B178AD1BFE48A3000DA22E /* Debug */,
				16B178AE1BFE48A3000DA22E /* Release */,
			);
			defaultConfigurationIsVisible = 0;
		};
/* End XCConfigurationList section */
	};
	rootObject = 16B178761BFE48A3000DA22E /* Project object */;
}
