// !$*UTF8*$!
{
	archiveVersion = 1;
	classes = {
	};
	objectVersion = 46;
	objects = {

/* Begin PBXBuildFile section */
		166F5ACA1B8F6ABE004E1435 /* AppDelegate.swift in Sources */ = {isa = PBXBuildFile; fileRef = 166F5AC91B8F6ABE004E1435 /* AppDelegate.swift */; };
		166F5ACC1B8F6ABE004E1435 /* ViewController.swift in Sources */ = {isa = PBXBuildFile; fileRef = 166F5ACB1B8F6ABE004E1435 /* ViewController.swift */; };
		166F5ACF1B8F6ABE004E1435 /* Main.storyboard in Resources */ = {isa = PBXBuildFile; fileRef = 166F5ACD1B8F6ABE004E1435 /* Main.storyboard */; };
		166F5AD11B8F6ABE004E1435 /* Images.xcassets in Resources */ = {isa = PBXBuildFile; fileRef = 166F5AD01B8F6ABE004E1435 /* Images.xcassets */; };
		166F5AD41B8F6ABE004E1435 /* LaunchScreen.xib in Resources */ = {isa = PBXBuildFile; fileRef = 166F5AD21B8F6ABE004E1435 /* LaunchScreen.xib */; };
		166F5AE01B8F6ABE004E1435 /* Navigation_BarsTests.swift in Sources */ = {isa = PBXBuildFile; fileRef = 166F5ADF1B8F6ABE004E1435 /* Navigation_BarsTests.swift */; };
/* End PBXBuildFile section */

/* Begin PBXContainerItemProxy section */
		166F5ADA1B8F6ABE004E1435 /* PBXContainerItemProxy */ = {
			isa = PBXContainerItemProxy;
			containerPortal = 166F5ABC1B8F6ABE004E1435 /* Project object */;
			proxyType = 1;
			remoteGlobalIDString = 166F5AC31B8F6ABE004E1435;
			remoteInfo = "Navigation Bars";
		};
/* End PBXContainerItemProxy section */

/* Begin PBXFileReference section */
		166F5AC41B8F6ABE004E1435 /* Navigation Bars.app */ = {isa = PBXFileReference; explicitFileType = wrapper.application; includeInIndex = 0; path = "Navigation Bars.app"; sourceTree = BUILT_PRODUCTS_DIR; };
		166F5AC81B8F6ABE004E1435 /* Info.plist */ = {isa = PBXFileReference; lastKnownFileType = text.plist.xml; path = Info.plist; sourceTree = "<group>"; };
		166F5AC91B8F6ABE004E1435 /* AppDelegate.swift */ = {isa = PBXFileReference; lastKnownFileType = sourcecode.swift; path = AppDelegate.swift; sourceTree = "<group>"; };
		166F5ACB1B8F6ABE004E1435 /* ViewController.swift */ = {isa = PBXFileReference; lastKnownFileType = sourcecode.swift; path = ViewController.swift; sourceTree = "<group>"; };
		166F5ACE1B8F6ABE004E1435 /* Base */ = {isa = PBXFileReference; lastKnownFileType = file.storyboard; name = Base; path = Base.lproj/Main.storyboard; sourceTree = "<group>"; };
		166F5AD01B8F6ABE004E1435 /* Images.xcassets */ = {isa = PBXFileReference; lastKnownFileType = folder.assetcatalog; path = Images.xcassets; sourceTree = "<group>"; };
		166F5AD31B8F6ABE004E1435 /* Base */ = {isa = PBXFileReference; lastKnownFileType = file.xib; name = Base; path = Base.lproj/LaunchScreen.xib; sourceTree = "<group>"; };
		166F5AD91B8F6ABE004E1435 /* Navigation BarsTests.xctest */ = {isa = PBXFileReference; explicitFileType = wrapper.cfbundle; includeInIndex = 0; path = "Navigation BarsTests.xctest"; sourceTree = BUILT_PRODUCTS_DIR; };
		166F5ADE1B8F6ABE004E1435 /* Info.plist */ = {isa = PBXFileReference; lastKnownFileType = text.plist.xml; path = Info.plist; sourceTree = "<group>"; };
		166F5ADF1B8F6ABE004E1435 /* Navigation_BarsTests.swift */ = {isa = PBXFileReference; lastKnownFileType = sourcecode.swift; path = Navigation_BarsTests.swift; sourceTree = "<group>"; };
/* End PBXFileReference section */

/* Begin PBXFrameworksBuildPhase section */
		166F5AC11B8F6ABE004E1435 /* Frameworks */ = {
			isa = PBXFrameworksBuildPhase;
			buildActionMask = 2147483647;
			files = (
			);
			runOnlyForDeploymentPostprocessing = 0;
		};
		166F5AD61B8F6ABE004E1435 /* Frameworks */ = {
			isa = PBXFrameworksBuildPhase;
			buildActionMask = 2147483647;
			files = (
			);
			runOnlyForDeploymentPostprocessing = 0;
		};
/* End PBXFrameworksBuildPhase section */

/* Begin PBXGroup section */
		166F5ABB1B8F6ABE004E1435 = {
			isa = PBXGroup;
			children = (
				166F5AC61B8F6ABE004E1435 /* Navigation Bars */,
				166F5ADC1B8F6ABE004E1435 /* Navigation BarsTests */,
				166F5AC51B8F6ABE004E1435 /* Products */,
			);
			sourceTree = "<group>";
		};
		166F5AC51B8F6ABE004E1435 /* Products */ = {
			isa = PBXGroup;
			children = (
				166F5AC41B8F6ABE004E1435 /* Navigation Bars.app */,
				166F5AD91B8F6ABE004E1435 /* Navigation BarsTests.xctest */,
			);
			name = Products;
			sourceTree = "<group>";
		};
		166F5AC61B8F6ABE004E1435 /* Navigation Bars */ = {
			isa = PBXGroup;
			children = (
				166F5AC91B8F6ABE004E1435 /* AppDelegate.swift */,
				166F5ACB1B8F6ABE004E1435 /* ViewController.swift */,
				166F5ACD1B8F6ABE004E1435 /* Main.storyboard */,
				166F5AD01B8F6ABE004E1435 /* Images.xcassets */,
				166F5AD21B8F6ABE004E1435 /* LaunchScreen.xib */,
				166F5AC71B8F6ABE004E1435 /* Supporting Files */,
			);
			path = "Navigation Bars";
			sourceTree = "<group>";
		};
		166F5AC71B8F6ABE004E1435 /* Supporting Files */ = {
			isa = PBXGroup;
			children = (
				166F5AC81B8F6ABE004E1435 /* Info.plist */,
			);
			name = "Supporting Files";
			sourceTree = "<group>";
		};
		166F5ADC1B8F6ABE004E1435 /* Navigation BarsTests */ = {
			isa = PBXGroup;
			children = (
				166F5ADF1B8F6ABE004E1435 /* Navigation_BarsTests.swift */,
				166F5ADD1B8F6ABE004E1435 /* Supporting Files */,
			);
			path = "Navigation BarsTests";
			sourceTree = "<group>";
		};
		166F5ADD1B8F6ABE004E1435 /* Supporting Files */ = {
			isa = PBXGroup;
			children = (
				166F5ADE1B8F6ABE004E1435 /* Info.plist */,
			);
			name = "Supporting Files";
			sourceTree = "<group>";
		};
/* End PBXGroup section */

/* Begin PBXNativeTarget section */
		166F5AC31B8F6ABE004E1435 /* Navigation Bars */ = {
			isa = PBXNativeTarget;
			buildConfigurationList = 166F5AE31B8F6ABE004E1435 /* Build configuration list for PBXNativeTarget "Navigation Bars" */;
			buildPhases = (
				166F5AC01B8F6ABE004E1435 /* Sources */,
				166F5AC11B8F6ABE004E1435 /* Frameworks */,
				166F5AC21B8F6ABE004E1435 /* Resources */,
			);
			buildRules = (
			);
			dependencies = (
			);
			name = "Navigation Bars";
			productName = "Navigation Bars";
			productReference = 166F5AC41B8F6ABE004E1435 /* Navigation Bars.app */;
			productType = "com.apple.product-type.application";
		};
		166F5AD81B8F6ABE004E1435 /* Navigation BarsTests */ = {
			isa = PBXNativeTarget;
			buildConfigurationList = 166F5AE61B8F6ABE004E1435 /* Build configuration list for PBXNativeTarget "Navigation BarsTests" */;
			buildPhases = (
				166F5AD51B8F6ABE004E1435 /* Sources */,
				166F5AD61B8F6ABE004E1435 /* Frameworks */,
				166F5AD71B8F6ABE004E1435 /* Resources */,
			);
			buildRules = (
			);
			dependencies = (
				166F5ADB1B8F6ABE004E1435 /* PBXTargetDependency */,
			);
			name = "Navigation BarsTests";
			productName = "Navigation BarsTests";
			productReference = 166F5AD91B8F6ABE004E1435 /* Navigation BarsTests.xctest */;
			productType = "com.apple.product-type.bundle.unit-test";
		};
/* End PBXNativeTarget section */

/* Begin PBXProject section */
		166F5ABC1B8F6ABE004E1435 /* Project object */ = {
			isa = PBXProject;
			attributes = {
				LastUpgradeCheck = 0630;
				ORGANIZATIONNAME = "Divine's Ideas";
				TargetAttributes = {
					166F5AC31B8F6ABE004E1435 = {
						CreatedOnToolsVersion = 6.4;
					};
					166F5AD81B8F6ABE004E1435 = {
						CreatedOnToolsVersion = 6.4;
						TestTargetID = 166F5AC31B8F6ABE004E1435;
					};
				};
			};
			buildConfigurationList = 166F5ABF1B8F6ABE004E1435 /* Build configuration list for PBXProject "Navigation Bars" */;
			compatibilityVersion = "Xcode 3.2";
			developmentRegion = English;
			hasScannedForEncodings = 0;
			knownRegions = (
				en,
				Base,
			);
			mainGroup = 166F5ABB1B8F6ABE004E1435;
			productRefGroup = 166F5AC51B8F6ABE004E1435 /* Products */;
			projectDirPath = "";
			projectRoot = "";
			targets = (
				166F5AC31B8F6ABE004E1435 /* Navigation Bars */,
				166F5AD81B8F6ABE004E1435 /* Navigation BarsTests */,
			);
		};
/* End PBXProject section */

/* Begin PBXResourcesBuildPhase section */
		166F5AC21B8F6ABE004E1435 /* Resources */ = {
			isa = PBXResourcesBuildPhase;
			buildActionMask = 2147483647;
			files = (
				166F5ACF1B8F6ABE004E1435 /* Main.storyboard in Resources */,
				166F5AD41B8F6ABE004E1435 /* LaunchScreen.xib in Resources */,
				166F5AD11B8F6ABE004E1435 /* Images.xcassets in Resources */,
			);
			runOnlyForDeploymentPostprocessing = 0;
		};
		166F5AD71B8F6ABE004E1435 /* Resources */ = {
			isa = PBXResourcesBuildPhase;
			buildActionMask = 2147483647;
			files = (
			);
			runOnlyForDeploymentPostprocessing = 0;
		};
/* End PBXResourcesBuildPhase section */

/* Begin PBXSourcesBuildPhase section */
		166F5AC01B8F6ABE004E1435 /* Sources */ = {
			isa = PBXSourcesBuildPhase;
			buildActionMask = 2147483647;
			files = (
				166F5ACC1B8F6ABE004E1435 /* ViewController.swift in Sources */,
				166F5ACA1B8F6ABE004E1435 /* AppDelegate.swift in Sources */,
			);
			runOnlyForDeploymentPostprocessing = 0;
		};
		166F5AD51B8F6ABE004E1435 /* Sources */ = {
			isa = PBXSourcesBuildPhase;
			buildActionMask = 2147483647;
			files = (
				166F5AE01B8F6ABE004E1435 /* Navigation_BarsTests.swift in Sources */,
			);
			runOnlyForDeploymentPostprocessing = 0;
		};
/* End PBXSourcesBuildPhase section */

/* Begin PBXTargetDependency section */
		166F5ADB1B8F6ABE004E1435 /* PBXTargetDependency */ = {
			isa = PBXTargetDependency;
			target = 166F5AC31B8F6ABE004E1435 /* Navigation Bars */;
			targetProxy = 166F5ADA1B8F6ABE004E1435 /* PBXContainerItemProxy */;
		};
/* End PBXTargetDependency section */

/* Begin PBXVariantGroup section */
		166F5ACD1B8F6ABE004E1435 /* Main.storyboard */ = {
			isa = PBXVariantGroup;
			children = (
				166F5ACE1B8F6ABE004E1435 /* Base */,
			);
			name = Main.storyboard;
			sourceTree = "<group>";
		};
		166F5AD21B8F6ABE004E1435 /* LaunchScreen.xib */ = {
			isa = PBXVariantGroup;
			children = (
				166F5AD31B8F6ABE004E1435 /* Base */,
			);
			name = LaunchScreen.xib;
			sourceTree = "<group>";
		};
/* End PBXVariantGroup section */

/* Begin XCBuildConfiguration section */
		166F5AE11B8F6ABE004E1435 /* Debug */ = {
			isa = XCBuildConfiguration;
			buildSettings = {
				ALWAYS_SEARCH_USER_PATHS = NO;
				CLANG_CXX_LANGUAGE_STANDARD = "gnu++0x";
				CLANG_CXX_LIBRARY = "libc++";
				CLANG_ENABLE_MODULES = YES;
				CLANG_ENABLE_OBJC_ARC = YES;
				CLANG_WARN_BOOL_CONVERSION = YES;
				CLANG_WARN_CONSTANT_CONVERSION = YES;
				CLANG_WARN_DIRECT_OBJC_ISA_USAGE = YES_ERROR;
				CLANG_WARN_EMPTY_BODY = YES;
				CLANG_WARN_ENUM_CONVERSION = YES;
				CLANG_WARN_INT_CONVERSION = YES;
				CLANG_WARN_OBJC_ROOT_CLASS = YES_ERROR;
				CLANG_WARN_UNREACHABLE_CODE = YES;
				CLANG_WARN__DUPLICATE_METHOD_MATCH = YES;
				"CODE_SIGN_IDENTITY[sdk=iphoneos*]" = "iPhone Developer";
				COPY_PHASE_STRIP = NO;
				DEBUG_INFORMATION_FORMAT = "dwarf-with-dsym";
				ENABLE_STRICT_OBJC_MSGSEND = YES;
				GCC_C_LANGUAGE_STANDARD = gnu99;
				GCC_DYNAMIC_NO_PIC = NO;
				GCC_NO_COMMON_BLOCKS = YES;
				GCC_OPTIMIZATION_LEVEL = 0;
				GCC_PREPROCESSOR_DEFINITIONS = (
					"DEBUG=1",
					"$(inherited)",
				);
				GCC_SYMBOLS_PRIVATE_EXTERN = NO;
				GCC_WARN_64_TO_32_BIT_CONVERSION = YES;
				GCC_WARN_ABOUT_RETURN_TYPE = YES_ERROR;
				GCC_WARN_UNDECLARED_SELECTOR = YES;
				GCC_WARN_UNINITIALIZED_AUTOS = YES_AGGRESSIVE;
				GCC_WARN_UNUSED_FUNCTION = YES;
				GCC_WARN_UNUSED_VARIABLE = YES;
				IPHONEOS_DEPLOYMENT_TARGET = 8.4;
				MTL_ENABLE_DEBUG_INFO = YES;
				ONLY_ACTIVE_ARCH = YES;
				SDKROOT = iphoneos;
				SWIFT_OPTIMIZATION_LEVEL = "-Onone";
			};
			name = Debug;
		};
		166F5AE21B8F6ABE004E1435 /* Release */ = {
			isa = XCBuildConfiguration;
			buildSettings = {
				ALWAYS_SEARCH_USER_PATHS = NO;
				CLANG_CXX_LANGUAGE_STANDARD = "gnu++0x";
				CLANG_CXX_LIBRARY = "libc++";
				CLANG_ENABLE_MODULES = YES;
				CLANG_ENABLE_OBJC_ARC = YES;
				CLANG_WARN_BOOL_CONVERSION = YES;
				CLANG_WARN_CONSTANT_CONVERSION = YES;
				CLANG_WARN_DIRECT_OBJC_ISA_USAGE = YES_ERROR;
				CLANG_WARN_EMPTY_BODY = YES;
				CLANG_WARN_ENUM_CONVERSION = YES;
				CLANG_WARN_INT_CONVERSION = YES;
				CLANG_WARN_OBJC_ROOT_CLASS = YES_ERROR;
				CLANG_WARN_UNREACHABLE_CODE = YES;
				CLANG_WARN__DUPLICATE_METHOD_MATCH = YES;
				"CODE_SIGN_IDENTITY[sdk=iphoneos*]" = "iPhone Developer";
				COPY_PHASE_STRIP = NO;
				DEBUG_INFORMATION_FORMAT = "dwarf-with-dsym";
				ENABLE_NS_ASSERTIONS = NO;
				ENABLE_STRICT_OBJC_MSGSEND = YES;
				GCC_C_LANGUAGE_STANDARD = gnu99;
				GCC_NO_COMMON_BLOCKS = YES;
				GCC_WARN_64_TO_32_BIT_CONVERSION = YES;
				GCC_WARN_ABOUT_RETURN_TYPE = YES_ERROR;
				GCC_WARN_UNDECLARED_SELECTOR = YES;
				GCC_WARN_UNINITIALIZED_AUTOS = YES_AGGRESSIVE;
				GCC_WARN_UNUSED_FUNCTION = YES;
				GCC_WARN_UNUSED_VARIABLE = YES;
				IPHONEOS_DEPLOYMENT_TARGET = 8.4;
				MTL_ENABLE_DEBUG_INFO = NO;
				SDKROOT = iphoneos;
				VALIDATE_PRODUCT = YES;
			};
			name = Release;
		};
		166F5AE41B8F6ABE004E1435 /* Debug */ = {
			isa = XCBuildConfiguration;
			buildSettings = {
				ASSETCATALOG_COMPILER_APPICON_NAME = AppIcon;
				INFOPLIST_FILE = "Navigation Bars/Info.plist";
				LD_RUNPATH_SEARCH_PATHS = "$(inherited) @executable_path/Frameworks";
				PRODUCT_NAME = "$(TARGET_NAME)";
			};
			name = Debug;
		};
		166F5AE51B8F6ABE004E1435 /* Release */ = {
			isa = XCBuildConfiguration;
			buildSettings = {
				ASSETCATALOG_COMPILER_APPICON_NAME = AppIcon;
				INFOPLIST_FILE = "Navigation Bars/Info.plist";
				LD_RUNPATH_SEARCH_PATHS = "$(inherited) @executable_path/Frameworks";
				PRODUCT_NAME = "$(TARGET_NAME)";
			};
			name = Release;
		};
		166F5AE71B8F6ABE004E1435 /* Debug */ = {
			isa = XCBuildConfiguration;
			buildSettings = {
				BUNDLE_LOADER = "$(TEST_HOST)";
				FRAMEWORK_SEARCH_PATHS = (
					"$(SDKROOT)/Developer/Library/Frameworks",
					"$(inherited)",
				);
				GCC_PREPROCESSOR_DEFINITIONS = (
					"DEBUG=1",
					"$(inherited)",
				);
				INFOPLIST_FILE = "Navigation BarsTests/Info.plist";
				LD_RUNPATH_SEARCH_PATHS = "$(inherited) @executable_path/Frameworks @loader_path/Frameworks";
				PRODUCT_NAME = "$(TARGET_NAME)";
				TEST_HOST = "$(BUILT_PRODUCTS_DIR)/Navigation Bars.app/Navigation Bars";
			};
			name = Debug;
		};
		166F5AE81B8F6ABE004E1435 /* Release */ = {
			isa = XCBuildConfiguration;
			buildSettings = {
				BUNDLE_LOADER = "$(TEST_HOST)";
				FRAMEWORK_SEARCH_PATHS = (
					"$(SDKROOT)/Developer/Library/Frameworks",
					"$(inherited)",
				);
				INFOPLIST_FILE = "Navigation BarsTests/Info.plist";
				LD_RUNPATH_SEARCH_PATHS = "$(inherited) @executable_path/Frameworks @loader_path/Frameworks";
				PRODUCT_NAME = "$(TARGET_NAME)";
				TEST_HOST = "$(BUILT_PRODUCTS_DIR)/Navigation Bars.app/Navigation Bars";
			};
			name = Release;
		};
/* End XCBuildConfiguration section */

/* Begin XCConfigurationList section */
		166F5ABF1B8F6ABE004E1435 /* Build configuration list for PBXProject "Navigation Bars" */ = {
			isa = XCConfigurationList;
			buildConfigurations = (
				166F5AE11B8F6ABE004E1435 /* Debug */,
				166F5AE21B8F6ABE004E1435 /* Release */,
			);
			defaultConfigurationIsVisible = 0;
			defaultConfigurationName = Release;
		};
		166F5AE31B8F6ABE004E1435 /* Build configuration list for PBXNativeTarget "Navigation Bars" */ = {
			isa = XCConfigurationList;
			buildConfigurations = (
				166F5AE41B8F6ABE004E1435 /* Debug */,
				166F5AE51B8F6ABE004E1435 /* Release */,
			);
			defaultConfigurationIsVisible = 0;
		};
		166F5AE61B8F6ABE004E1435 /* Build configuration list for PBXNativeTarget "Navigation BarsTests" */ = {
			isa = XCConfigurationList;
			buildConfigurations = (
				166F5AE71B8F6ABE004E1435 /* Debug */,
				166F5AE81B8F6ABE004E1435 /* Release */,
			);
			defaultConfigurationIsVisible = 0;
		};
/* End XCConfigurationList section */
	};
	rootObject = 166F5ABC1B8F6ABE004E1435 /* Project object */;
}
