// !$*UTF8*$!
{
	archiveVersion = 1;
	classes = {
	};
	objectVersion = 46;
	objects = {

/* Begin PBXBuildFile section */
		16B5B34F1B94A9A7005084F9 /* AppDelegate.swift in Sources */ = {isa = PBXBuildFile; fileRef = 16B5B34E1B94A9A7005084F9 /* AppDelegate.swift */; };
		16B5B3511B94A9A7005084F9 /* ViewController.swift in Sources */ = {isa = PBXBuildFile; fileRef = 16B5B3501B94A9A7005084F9 /* ViewController.swift */; };
		16B5B3541B94A9A7005084F9 /* Main.storyboard in Resources */ = {isa = PBXBuildFile; fileRef = 16B5B3521B94A9A7005084F9 /* Main.storyboard */; };
		16B5B3561B94A9A7005084F9 /* Images.xcassets in Resources */ = {isa = PBXBuildFile; fileRef = 16B5B3551B94A9A7005084F9 /* Images.xcassets */; };
		16B5B3591B94A9A7005084F9 /* LaunchScreen.xib in Resources */ = {isa = PBXBuildFile; fileRef = 16B5B3571B94A9A7005084F9 /* LaunchScreen.xib */; };
		16B5B3651B94A9A8005084F9 /* What_s_The_WeatherTests.swift in Sources */ = {isa = PBXBuildFile; fileRef = 16B5B3641B94A9A8005084F9 /* What_s_The_WeatherTests.swift */; };
/* End PBXBuildFile section */

/* Begin PBXContainerItemProxy section */
		16B5B35F1B94A9A8005084F9 /* PBXContainerItemProxy */ = {
			isa = PBXContainerItemProxy;
			containerPortal = 16B5B3411B94A9A7005084F9 /* Project object */;
			proxyType = 1;
			remoteGlobalIDString = 16B5B3481B94A9A7005084F9;
			remoteInfo = "What's The Weather";
		};
/* End PBXContainerItemProxy section */

/* Begin PBXFileReference section */
		16B5B3491B94A9A7005084F9 /* What's The Weather.app */ = {isa = PBXFileReference; explicitFileType = wrapper.application; includeInIndex = 0; path = "What's The Weather.app"; sourceTree = BUILT_PRODUCTS_DIR; };
		16B5B34D1B94A9A7005084F9 /* Info.plist */ = {isa = PBXFileReference; lastKnownFileType = text.plist.xml; path = Info.plist; sourceTree = "<group>"; };
		16B5B34E1B94A9A7005084F9 /* AppDelegate.swift */ = {isa = PBXFileReference; lastKnownFileType = sourcecode.swift; path = AppDelegate.swift; sourceTree = "<group>"; };
		16B5B3501B94A9A7005084F9 /* ViewController.swift */ = {isa = PBXFileReference; lastKnownFileType = sourcecode.swift; path = ViewController.swift; sourceTree = "<group>"; };
		16B5B3531B94A9A7005084F9 /* Base */ = {isa = PBXFileReference; lastKnownFileType = file.storyboard; name = Base; path = Base.lproj/Main.storyboard; sourceTree = "<group>"; };
		16B5B3551B94A9A7005084F9 /* Images.xcassets */ = {isa = PBXFileReference; lastKnownFileType = folder.assetcatalog; path = Images.xcassets; sourceTree = "<group>"; };
		16B5B3581B94A9A7005084F9 /* Base */ = {isa = PBXFileReference; lastKnownFileType = file.xib; name = Base; path = Base.lproj/LaunchScreen.xib; sourceTree = "<group>"; };
		16B5B35E1B94A9A8005084F9 /* What's The WeatherTests.xctest */ = {isa = PBXFileReference; explicitFileType = wrapper.cfbundle; includeInIndex = 0; path = "What's The WeatherTests.xctest"; sourceTree = BUILT_PRODUCTS_DIR; };
		16B5B3631B94A9A8005084F9 /* Info.plist */ = {isa = PBXFileReference; lastKnownFileType = text.plist.xml; path = Info.plist; sourceTree = "<group>"; };
		16B5B3641B94A9A8005084F9 /* What_s_The_WeatherTests.swift */ = {isa = PBXFileReference; lastKnownFileType = sourcecode.swift; path = What_s_The_WeatherTests.swift; sourceTree = "<group>"; };
/* End PBXFileReference section */

/* Begin PBXFrameworksBuildPhase section */
		16B5B3461B94A9A7005084F9 /* Frameworks */ = {
			isa = PBXFrameworksBuildPhase;
			buildActionMask = 2147483647;
			files = (
			);
			runOnlyForDeploymentPostprocessing = 0;
		};
		16B5B35B1B94A9A8005084F9 /* Frameworks */ = {
			isa = PBXFrameworksBuildPhase;
			buildActionMask = 2147483647;
			files = (
			);
			runOnlyForDeploymentPostprocessing = 0;
		};
/* End PBXFrameworksBuildPhase section */

/* Begin PBXGroup section */
		16B5B3401B94A9A7005084F9 = {
			isa = PBXGroup;
			children = (
				16B5B34B1B94A9A7005084F9 /* What's The Weather */,
				16B5B3611B94A9A8005084F9 /* What's The WeatherTests */,
				16B5B34A1B94A9A7005084F9 /* Products */,
			);
			sourceTree = "<group>";
		};
		16B5B34A1B94A9A7005084F9 /* Products */ = {
			isa = PBXGroup;
			children = (
				16B5B3491B94A9A7005084F9 /* What's The Weather.app */,
				16B5B35E1B94A9A8005084F9 /* What's The WeatherTests.xctest */,
			);
			name = Products;
			sourceTree = "<group>";
		};
		16B5B34B1B94A9A7005084F9 /* What's The Weather */ = {
			isa = PBXGroup;
			children = (
				16B5B34E1B94A9A7005084F9 /* AppDelegate.swift */,
				16B5B3501B94A9A7005084F9 /* ViewController.swift */,
				16B5B3521B94A9A7005084F9 /* Main.storyboard */,
				16B5B3551B94A9A7005084F9 /* Images.xcassets */,
				16B5B3571B94A9A7005084F9 /* LaunchScreen.xib */,
				16B5B34C1B94A9A7005084F9 /* Supporting Files */,
			);
			path = "What's The Weather";
			sourceTree = "<group>";
		};
		16B5B34C1B94A9A7005084F9 /* Supporting Files */ = {
			isa = PBXGroup;
			children = (
				16B5B34D1B94A9A7005084F9 /* Info.plist */,
			);
			name = "Supporting Files";
			sourceTree = "<group>";
		};
		16B5B3611B94A9A8005084F9 /* What's The WeatherTests */ = {
			isa = PBXGroup;
			children = (
				16B5B3641B94A9A8005084F9 /* What_s_The_WeatherTests.swift */,
				16B5B3621B94A9A8005084F9 /* Supporting Files */,
			);
			path = "What's The WeatherTests";
			sourceTree = "<group>";
		};
		16B5B3621B94A9A8005084F9 /* Supporting Files */ = {
			isa = PBXGroup;
			children = (
				16B5B3631B94A9A8005084F9 /* Info.plist */,
			);
			name = "Supporting Files";
			sourceTree = "<group>";
		};
/* End PBXGroup section */

/* Begin PBXNativeTarget section */
		16B5B3481B94A9A7005084F9 /* What's The Weather */ = {
			isa = PBXNativeTarget;
			buildConfigurationList = 16B5B3681B94A9A8005084F9 /* Build configuration list for PBXNativeTarget "What's The Weather" */;
			buildPhases = (
				16B5B3451B94A9A7005084F9 /* Sources */,
				16B5B3461B94A9A7005084F9 /* Frameworks */,
				16B5B3471B94A9A7005084F9 /* Resources */,
			);
			buildRules = (
			);
			dependencies = (
			);
			name = "What's The Weather";
			productName = "What's The Weather";
			productReference = 16B5B3491B94A9A7005084F9 /* What's The Weather.app */;
			productType = "com.apple.product-type.application";
		};
		16B5B35D1B94A9A8005084F9 /* What's The WeatherTests */ = {
			isa = PBXNativeTarget;
			buildConfigurationList = 16B5B36B1B94A9A8005084F9 /* Build configuration list for PBXNativeTarget "What's The WeatherTests" */;
			buildPhases = (
				16B5B35A1B94A9A8005084F9 /* Sources */,
				16B5B35B1B94A9A8005084F9 /* Frameworks */,
				16B5B35C1B94A9A8005084F9 /* Resources */,
			);
			buildRules = (
			);
			dependencies = (
				16B5B3601B94A9A8005084F9 /* PBXTargetDependency */,
			);
			name = "What's The WeatherTests";
			productName = "What's The WeatherTests";
			productReference = 16B5B35E1B94A9A8005084F9 /* What's The WeatherTests.xctest */;
			productType = "com.apple.product-type.bundle.unit-test";
		};
/* End PBXNativeTarget section */

/* Begin PBXProject section */
		16B5B3411B94A9A7005084F9 /* Project object */ = {
			isa = PBXProject;
			attributes = {
				LastUpgradeCheck = 0630;
				ORGANIZATIONNAME = "Divine's Ideas";
				TargetAttributes = {
					16B5B3481B94A9A7005084F9 = {
						CreatedOnToolsVersion = 6.4;
					};
					16B5B35D1B94A9A8005084F9 = {
						CreatedOnToolsVersion = 6.4;
						TestTargetID = 16B5B3481B94A9A7005084F9;
					};
				};
			};
			buildConfigurationList = 16B5B3441B94A9A7005084F9 /* Build configuration list for PBXProject "What's The Weather" */;
			compatibilityVersion = "Xcode 3.2";
			developmentRegion = English;
			hasScannedForEncodings = 0;
			knownRegions = (
				en,
				Base,
			);
			mainGroup = 16B5B3401B94A9A7005084F9;
			productRefGroup = 16B5B34A1B94A9A7005084F9 /* Products */;
			projectDirPath = "";
			projectRoot = "";
			targets = (
				16B5B3481B94A9A7005084F9 /* What's The Weather */,
				16B5B35D1B94A9A8005084F9 /* What's The WeatherTests */,
			);
		};
/* End PBXProject section */

/* Begin PBXResourcesBuildPhase section */
		16B5B3471B94A9A7005084F9 /* Resources */ = {
			isa = PBXResourcesBuildPhase;
			buildActionMask = 2147483647;
			files = (
				16B5B3541B94A9A7005084F9 /* Main.storyboard in Resources */,
				16B5B3591B94A9A7005084F9 /* LaunchScreen.xib in Resources */,
				16B5B3561B94A9A7005084F9 /* Images.xcassets in Resources */,
			);
			runOnlyForDeploymentPostprocessing = 0;
		};
		16B5B35C1B94A9A8005084F9 /* Resources */ = {
			isa = PBXResourcesBuildPhase;
			buildActionMask = 2147483647;
			files = (
			);
			runOnlyForDeploymentPostprocessing = 0;
		};
/* End PBXResourcesBuildPhase section */

/* Begin PBXSourcesBuildPhase section */
		16B5B3451B94A9A7005084F9 /* Sources */ = {
			isa = PBXSourcesBuildPhase;
			buildActionMask = 2147483647;
			files = (
				16B5B3511B94A9A7005084F9 /* ViewController.swift in Sources */,
				16B5B34F1B94A9A7005084F9 /* AppDelegate.swift in Sources */,
			);
			runOnlyForDeploymentPostprocessing = 0;
		};
		16B5B35A1B94A9A8005084F9 /* Sources */ = {
			isa = PBXSourcesBuildPhase;
			buildActionMask = 2147483647;
			files = (
				16B5B3651B94A9A8005084F9 /* What_s_The_WeatherTests.swift in Sources */,
			);
			runOnlyForDeploymentPostprocessing = 0;
		};
/* End PBXSourcesBuildPhase section */

/* Begin PBXTargetDependency section */
		16B5B3601B94A9A8005084F9 /* PBXTargetDependency */ = {
			isa = PBXTargetDependency;
			target = 16B5B3481B94A9A7005084F9 /* What's The Weather */;
			targetProxy = 16B5B35F1B94A9A8005084F9 /* PBXContainerItemProxy */;
		};
/* End PBXTargetDependency section */

/* Begin PBXVariantGroup section */
		16B5B3521B94A9A7005084F9 /* Main.storyboard */ = {
			isa = PBXVariantGroup;
			children = (
				16B5B3531B94A9A7005084F9 /* Base */,
			);
			name = Main.storyboard;
			sourceTree = "<group>";
		};
		16B5B3571B94A9A7005084F9 /* LaunchScreen.xib */ = {
			isa = PBXVariantGroup;
			children = (
				16B5B3581B94A9A7005084F9 /* Base */,
			);
			name = LaunchScreen.xib;
			sourceTree = "<group>";
		};
/* End PBXVariantGroup section */

/* Begin XCBuildConfiguration section */
		16B5B3661B94A9A8005084F9 /* Debug */ = {
			isa = XCBuildConfiguration;
			buildSettings = {
				ALWAYS_SEARCH_USER_PATHS = NO;
				CLANG_CXX_LANGUAGE_STANDARD = "gnu++0x";
				CLANG_CXX_LIBRARY = "libc++";
				CLANG_ENABLE_MODULES = YES;
				CLANG_ENABLE_OBJC_ARC = YES;
				CLANG_WARN_BOOL_CONVERSION = YES;
				CLANG_WARN_CONSTANT_CONVERSION = YES;
				CLANG_WARN_DIRECT_OBJC_ISA_USAGE = YES_ERROR;
				CLANG_WARN_EMPTY_BODY = YES;
				CLANG_WARN_ENUM_CONVERSION = YES;
				CLANG_WARN_INT_CONVERSION = YES;
				CLANG_WARN_OBJC_ROOT_CLASS = YES_ERROR;
				CLANG_WARN_UNREACHABLE_CODE = YES;
				CLANG_WARN__DUPLICATE_METHOD_MATCH = YES;
				"CODE_SIGN_IDENTITY[sdk=iphoneos*]" = "iPhone Developer";
				COPY_PHASE_STRIP = NO;
				DEBUG_INFORMATION_FORMAT = "dwarf-with-dsym";
				ENABLE_STRICT_OBJC_MSGSEND = YES;
				GCC_C_LANGUAGE_STANDARD = gnu99;
				GCC_DYNAMIC_NO_PIC = NO;
				GCC_NO_COMMON_BLOCKS = YES;
				GCC_OPTIMIZATION_LEVEL = 0;
				GCC_PREPROCESSOR_DEFINITIONS = (
					"DEBUG=1",
					"$(inherited)",
				);
				GCC_SYMBOLS_PRIVATE_EXTERN = NO;
				GCC_WARN_64_TO_32_BIT_CONVERSION = YES;
				GCC_WARN_ABOUT_RETURN_TYPE = YES_ERROR;
				GCC_WARN_UNDECLARED_SELECTOR = YES;
				GCC_WARN_UNINITIALIZED_AUTOS = YES_AGGRESSIVE;
				GCC_WARN_UNUSED_FUNCTION = YES;
				GCC_WARN_UNUSED_VARIABLE = YES;
				IPHONEOS_DEPLOYMENT_TARGET = 8.4;
				MTL_ENABLE_DEBUG_INFO = YES;
				ONLY_ACTIVE_ARCH = YES;
				SDKROOT = iphoneos;
				SWIFT_OPTIMIZATION_LEVEL = "-Onone";
			};
			name = Debug;
		};
		16B5B3671B94A9A8005084F9 /* Release */ = {
			isa = XCBuildConfiguration;
			buildSettings = {
				ALWAYS_SEARCH_USER_PATHS = NO;
				CLANG_CXX_LANGUAGE_STANDARD = "gnu++0x";
				CLANG_CXX_LIBRARY = "libc++";
				CLANG_ENABLE_MODULES = YES;
				CLANG_ENABLE_OBJC_ARC = YES;
				CLANG_WARN_BOOL_CONVERSION = YES;
				CLANG_WARN_CONSTANT_CONVERSION = YES;
				CLANG_WARN_DIRECT_OBJC_ISA_USAGE = YES_ERROR;
				CLANG_WARN_EMPTY_BODY = YES;
				CLANG_WARN_ENUM_CONVERSION = YES;
				CLANG_WARN_INT_CONVERSION = YES;
				CLANG_WARN_OBJC_ROOT_CLASS = YES_ERROR;
				CLANG_WARN_UNREACHABLE_CODE = YES;
				CLANG_WARN__DUPLICATE_METHOD_MATCH = YES;
				"CODE_SIGN_IDENTITY[sdk=iphoneos*]" = "iPhone Developer";
				COPY_PHASE_STRIP = NO;
				DEBUG_INFORMATION_FORMAT = "dwarf-with-dsym";
				ENABLE_NS_ASSERTIONS = NO;
				ENABLE_STRICT_OBJC_MSGSEND = YES;
				GCC_C_LANGUAGE_STANDARD = gnu99;
				GCC_NO_COMMON_BLOCKS = YES;
				GCC_WARN_64_TO_32_BIT_CONVERSION = YES;
				GCC_WARN_ABOUT_RETURN_TYPE = YES_ERROR;
				GCC_WARN_UNDECLARED_SELECTOR = YES;
				GCC_WARN_UNINITIALIZED_AUTOS = YES_AGGRESSIVE;
				GCC_WARN_UNUSED_FUNCTION = YES;
				GCC_WARN_UNUSED_VARIABLE = YES;
				IPHONEOS_DEPLOYMENT_TARGET = 8.4;
				MTL_ENABLE_DEBUG_INFO = NO;
				SDKROOT = iphoneos;
				VALIDATE_PRODUCT = YES;
			};
			name = Release;
		};
		16B5B3691B94A9A8005084F9 /* Debug */ = {
			isa = XCBuildConfiguration;
			buildSettings = {
				ASSETCATALOG_COMPILER_APPICON_NAME = AppIcon;
				INFOPLIST_FILE = "What's The Weather/Info.plist";
				LD_RUNPATH_SEARCH_PATHS = "$(inherited) @executable_path/Frameworks";
				PRODUCT_NAME = "$(TARGET_NAME)";
			};
			name = Debug;
		};
		16B5B36A1B94A9A8005084F9 /* Release */ = {
			isa = XCBuildConfiguration;
			buildSettings = {
				ASSETCATALOG_COMPILER_APPICON_NAME = AppIcon;
				INFOPLIST_FILE = "What's The Weather/Info.plist";
				LD_RUNPATH_SEARCH_PATHS = "$(inherited) @executable_path/Frameworks";
				PRODUCT_NAME = "$(TARGET_NAME)";
			};
			name = Release;
		};
		16B5B36C1B94A9A8005084F9 /* Debug */ = {
			isa = XCBuildConfiguration;
			buildSettings = {
				BUNDLE_LOADER = "$(TEST_HOST)";
				FRAMEWORK_SEARCH_PATHS = (
					"$(SDKROOT)/Developer/Library/Frameworks",
					"$(inherited)",
				);
				GCC_PREPROCESSOR_DEFINITIONS = (
					"DEBUG=1",
					"$(inherited)",
				);
				INFOPLIST_FILE = "What's The WeatherTests/Info.plist";
				LD_RUNPATH_SEARCH_PATHS = "$(inherited) @executable_path/Frameworks @loader_path/Frameworks";
				PRODUCT_NAME = "$(TARGET_NAME)";
				TEST_HOST = "$(BUILT_PRODUCTS_DIR)/What's The Weather.app/What's The Weather";
			};
			name = Debug;
		};
		16B5B36D1B94A9A8005084F9 /* Release */ = {
			isa = XCBuildConfiguration;
			buildSettings = {
				BUNDLE_LOADER = "$(TEST_HOST)";
				FRAMEWORK_SEARCH_PATHS = (
					"$(SDKROOT)/Developer/Library/Frameworks",
					"$(inherited)",
				);
				INFOPLIST_FILE = "What's The WeatherTests/Info.plist";
				LD_RUNPATH_SEARCH_PATHS = "$(inherited) @executable_path/Frameworks @loader_path/Frameworks";
				PRODUCT_NAME = "$(TARGET_NAME)";
				TEST_HOST = "$(BUILT_PRODUCTS_DIR)/What's The Weather.app/What's The Weather";
			};
			name = Release;
		};
/* End XCBuildConfiguration section */

/* Begin XCConfigurationList section */
		16B5B3441B94A9A7005084F9 /* Build configuration list for PBXProject "What's The Weather" */ = {
			isa = XCConfigurationList;
			buildConfigurations = (
				16B5B3661B94A9A8005084F9 /* Debug */,
				16B5B3671B94A9A8005084F9 /* Release */,
			);
			defaultConfigurationIsVisible = 0;
			defaultConfigurationName = Release;
		};
		16B5B3681B94A9A8005084F9 /* Build configuration list for PBXNativeTarget "What's The Weather" */ = {
			isa = XCConfigurationList;
			buildConfigurations = (
				16B5B3691B94A9A8005084F9 /* Debug */,
				16B5B36A1B94A9A8005084F9 /* Release */,
			);
			defaultConfigurationIsVisible = 0;
		};
		16B5B36B1B94A9A8005084F9 /* Build configuration list for PBXNativeTarget "What's The WeatherTests" */ = {
			isa = XCConfigurationList;
			buildConfigurations = (
				16B5B36C1B94A9A8005084F9 /* Debug */,
				16B5B36D1B94A9A8005084F9 /* Release */,
			);
			defaultConfigurationIsVisible = 0;
		};
/* End XCConfigurationList section */
	};
	rootObject = 16B5B3411B94A9A7005084F9 /* Project object */;
}
