// !$*UTF8*$!
{
	archiveVersion = 1;
	classes = {
	};
	objectVersion = 46;
	objects = {

/* Begin PBXBuildFile section */
		16A2823A1BEEB75300BA0174 /* AppDelegate.swift in Sources */ = {isa = PBXBuildFile; fileRef = 16A282391BEEB75300BA0174 /* AppDelegate.swift */; };
		16A2823C1BEEB75300BA0174 /* ViewController.swift in Sources */ = {isa = PBXBuildFile; fileRef = 16A2823B1BEEB75300BA0174 /* ViewController.swift */; };
		16A2823F1BEEB75300BA0174 /* Main.storyboard in Resources */ = {isa = PBXBuildFile; fileRef = 16A2823D1BEEB75300BA0174 /* Main.storyboard */; };
		16A282411BEEB75300BA0174 /* Assets.xcassets in Resources */ = {isa = PBXBuildFile; fileRef = 16A282401BEEB75300BA0174 /* Assets.xcassets */; };
		16A282441BEEB75300BA0174 /* LaunchScreen.storyboard in Resources */ = {isa = PBXBuildFile; fileRef = 16A282421BEEB75300BA0174 /* LaunchScreen.storyboard */; };
		16A2824F1BEEB75300BA0174 /* SwiftStopWatchTests.swift in Sources */ = {isa = PBXBuildFile; fileRef = 16A2824E1BEEB75300BA0174 /* SwiftStopWatchTests.swift */; };
		16A2825A1BEEB75300BA0174 /* SwiftStopWatchUITests.swift in Sources */ = {isa = PBXBuildFile; fileRef = 16A282591BEEB75300BA0174 /* SwiftStopWatchUITests.swift */; };
		16A282681BEEB7AD00BA0174 /* StopWatchViewController.swift in Sources */ = {isa = PBXBuildFile; fileRef = 16A282671BEEB7AD00BA0174 /* StopWatchViewController.swift */; };
/* End PBXBuildFile section */

/* Begin PBXContainerItemProxy section */
		16A2824B1BEEB75300BA0174 /* PBXContainerItemProxy */ = {
			isa = PBXContainerItemProxy;
			containerPortal = 16A2822E1BEEB75300BA0174 /* Project object */;
			proxyType = 1;
			remoteGlobalIDString = 16A282351BEEB75300BA0174;
			remoteInfo = SwiftStopWatch;
		};
		16A282561BEEB75300BA0174 /* PBXContainerItemProxy */ = {
			isa = PBXContainerItemProxy;
			containerPortal = 16A2822E1BEEB75300BA0174 /* Project object */;
			proxyType = 1;
			remoteGlobalIDString = 16A282351BEEB75300BA0174;
			remoteInfo = SwiftStopWatch;
		};
/* End PBXContainerItemProxy section */

/* Begin PBXFileReference section */
		16A282361BEEB75300BA0174 /* SwiftStopWatch.app */ = {isa = PBXFileReference; explicitFileType = wrapper.application; includeInIndex = 0; path = SwiftStopWatch.app; sourceTree = BUILT_PRODUCTS_DIR; };
		16A282391BEEB75300BA0174 /* AppDelegate.swift */ = {isa = PBXFileReference; lastKnownFileType = sourcecode.swift; path = AppDelegate.swift; sourceTree = "<group>"; };
		16A2823B1BEEB75300BA0174 /* ViewController.swift */ = {isa = PBXFileReference; lastKnownFileType = sourcecode.swift; path = ViewController.swift; sourceTree = "<group>"; };
		16A2823E1BEEB75300BA0174 /* Base */ = {isa = PBXFileReference; lastKnownFileType = file.storyboard; name = Base; path = Base.lproj/Main.storyboard; sourceTree = "<group>"; };
		16A282401BEEB75300BA0174 /* Assets.xcassets */ = {isa = PBXFileReference; lastKnownFileType = folder.assetcatalog; path = Assets.xcassets; sourceTree = "<group>"; };
		16A282431BEEB75300BA0174 /* Base */ = {isa = PBXFileReference; lastKnownFileType = file.storyboard; name = Base; path = Base.lproj/LaunchScreen.storyboard; sourceTree = "<group>"; };
		16A282451BEEB75300BA0174 /* Info.plist */ = {isa = PBXFileReference; lastKnownFileType = text.plist.xml; path = Info.plist; sourceTree = "<group>"; };
		16A2824A1BEEB75300BA0174 /* SwiftStopWatchTests.xctest */ = {isa = PBXFileReference; explicitFileType = wrapper.cfbundle; includeInIndex = 0; path = SwiftStopWatchTests.xctest; sourceTree = BUILT_PRODUCTS_DIR; };
		16A2824E1BEEB75300BA0174 /* SwiftStopWatchTests.swift */ = {isa = PBXFileReference; lastKnownFileType = sourcecode.swift; path = SwiftStopWatchTests.swift; sourceTree = "<group>"; };
		16A282501BEEB75300BA0174 /* Info.plist */ = {isa = PBXFileReference; lastKnownFileType = text.plist.xml; path = Info.plist; sourceTree = "<group>"; };
		16A282551BEEB75300BA0174 /* SwiftStopWatchUITests.xctest */ = {isa = PBXFileReference; explicitFileType = wrapper.cfbundle; includeInIndex = 0; path = SwiftStopWatchUITests.xctest; sourceTree = BUILT_PRODUCTS_DIR; };
		16A282591BEEB75300BA0174 /* SwiftStopWatchUITests.swift */ = {isa = PBXFileReference; lastKnownFileType = sourcecode.swift; path = SwiftStopWatchUITests.swift; sourceTree = "<group>"; };
		16A2825B1BEEB75300BA0174 /* Info.plist */ = {isa = PBXFileReference; lastKnownFileType = text.plist.xml; path = Info.plist; sourceTree = "<group>"; };
		16A282671BEEB7AD00BA0174 /* StopWatchViewController.swift */ = {isa = PBXFileReference; fileEncoding = 4; lastKnownFileType = sourcecode.swift; path = StopWatchViewController.swift; sourceTree = "<group>"; };
/* End PBXFileReference section */

/* Begin PBXFrameworksBuildPhase section */
		16A282331BEEB75300BA0174 /* Frameworks */ = {
			isa = PBXFrameworksBuildPhase;
			buildActionMask = 2147483647;
			files = (
			);
			runOnlyForDeploymentPostprocessing = 0;
		};
		16A282471BEEB75300BA0174 /* Frameworks */ = {
			isa = PBXFrameworksBuildPhase;
			buildActionMask = 2147483647;
			files = (
			);
			runOnlyForDeploymentPostprocessing = 0;
		};
		16A282521BEEB75300BA0174 /* Frameworks */ = {
			isa = PBXFrameworksBuildPhase;
			buildActionMask = 2147483647;
			files = (
			);
			runOnlyForDeploymentPostprocessing = 0;
		};
/* End PBXFrameworksBuildPhase section */

/* Begin PBXGroup section */
		16A2822D1BEEB75300BA0174 = {
			isa = PBXGroup;
			children = (
				16A282381BEEB75300BA0174 /* SwiftStopWatch */,
				16A2824D1BEEB75300BA0174 /* SwiftStopWatchTests */,
				16A282581BEEB75300BA0174 /* SwiftStopWatchUITests */,
				16A282371BEEB75300BA0174 /* Products */,
			);
			sourceTree = "<group>";
		};
		16A282371BEEB75300BA0174 /* Products */ = {
			isa = PBXGroup;
			children = (
				16A282361BEEB75300BA0174 /* SwiftStopWatch.app */,
				16A2824A1BEEB75300BA0174 /* SwiftStopWatchTests.xctest */,
				16A282551BEEB75300BA0174 /* SwiftStopWatchUITests.xctest */,
			);
			name = Products;
			sourceTree = "<group>";
		};
		16A282381BEEB75300BA0174 /* SwiftStopWatch */ = {
			isa = PBXGroup;
			children = (
				16A282391BEEB75300BA0174 /* AppDelegate.swift */,
				16A2823B1BEEB75300BA0174 /* ViewController.swift */,
				16A2823D1BEEB75300BA0174 /* Main.storyboard */,
				16A282671BEEB7AD00BA0174 /* StopWatchViewController.swift */,
				16A282401BEEB75300BA0174 /* Assets.xcassets */,
				16A282421BEEB75300BA0174 /* LaunchScreen.storyboard */,
				16A282451BEEB75300BA0174 /* Info.plist */,
			);
			path = SwiftStopWatch;
			sourceTree = "<group>";
		};
		16A2824D1BEEB75300BA0174 /* SwiftStopWatchTests */ = {
			isa = PBXGroup;
			children = (
				16A2824E1BEEB75300BA0174 /* SwiftStopWatchTests.swift */,
				16A282501BEEB75300BA0174 /* Info.plist */,
			);
			path = SwiftStopWatchTests;
			sourceTree = "<group>";
		};
		16A282581BEEB75300BA0174 /* SwiftStopWatchUITests */ = {
			isa = PBXGroup;
			children = (
				16A282591BEEB75300BA0174 /* SwiftStopWatchUITests.swift */,
				16A2825B1BEEB75300BA0174 /* Info.plist */,
			);
			path = SwiftStopWatchUITests;
			sourceTree = "<group>";
		};
/* End PBXGroup section */

/* Begin PBXNativeTarget section */
		16A282351BEEB75300BA0174 /* SwiftStopWatch */ = {
			isa = PBXNativeTarget;
			buildConfigurationList = 16A2825E1BEEB75300BA0174 /* Build configuration list for PBXNativeTarget "SwiftStopWatch" */;
			buildPhases = (
				16A282321BEEB75300BA0174 /* Sources */,
				16A282331BEEB75300BA0174 /* Frameworks */,
				16A282341BEEB75300BA0174 /* Resources */,
			);
			buildRules = (
			);
			dependencies = (
			);
			name = SwiftStopWatch;
			productName = SwiftStopWatch;
			productReference = 16A282361BEEB75300BA0174 /* SwiftStopWatch.app */;
			productType = "com.apple.product-type.application";
		};
		16A282491BEEB75300BA0174 /* SwiftStopWatchTests */ = {
			isa = PBXNativeTarget;
			buildConfigurationList = 16A282611BEEB75300BA0174 /* Build configuration list for PBXNativeTarget "SwiftStopWatchTests" */;
			buildPhases = (
				16A282461BEEB75300BA0174 /* Sources */,
				16A282471BEEB75300BA0174 /* Frameworks */,
				16A282481BEEB75300BA0174 /* Resources */,
			);
			buildRules = (
			);
			dependencies = (
				16A2824C1BEEB75300BA0174 /* PBXTargetDependency */,
			);
			name = SwiftStopWatchTests;
			productName = SwiftStopWatchTests;
			productReference = 16A2824A1BEEB75300BA0174 /* SwiftStopWatchTests.xctest */;
			productType = "com.apple.product-type.bundle.unit-test";
		};
		16A282541BEEB75300BA0174 /* SwiftStopWatchUITests */ = {
			isa = PBXNativeTarget;
			buildConfigurationList = 16A282641BEEB75300BA0174 /* Build configuration list for PBXNativeTarget "SwiftStopWatchUITests" */;
			buildPhases = (
				16A282511BEEB75300BA0174 /* Sources */,
				16A282521BEEB75300BA0174 /* Frameworks */,
				16A282531BEEB75300BA0174 /* Resources */,
			);
			buildRules = (
			);
			dependencies = (
				16A282571BEEB75300BA0174 /* PBXTargetDependency */,
			);
			name = SwiftStopWatchUITests;
			productName = SwiftStopWatchUITests;
			productReference = 16A282551BEEB75300BA0174 /* SwiftStopWatchUITests.xctest */;
			productType = "com.apple.product-type.bundle.ui-testing";
		};
/* End PBXNativeTarget section */

/* Begin PBXProject section */
		16A2822E1BEEB75300BA0174 /* Project object */ = {
			isa = PBXProject;
			attributes = {
				LastSwiftUpdateCheck = 0710;
				LastUpgradeCheck = 0710;
				ORGANIZATIONNAME = HackDuke;
				TargetAttributes = {
					16A282351BEEB75300BA0174 = {
						CreatedOnToolsVersion = 7.1;
					};
					16A282491BEEB75300BA0174 = {
						CreatedOnToolsVersion = 7.1;
						TestTargetID = 16A282351BEEB75300BA0174;
					};
					16A282541BEEB75300BA0174 = {
						CreatedOnToolsVersion = 7.1;
						TestTargetID = 16A282351BEEB75300BA0174;
					};
				};
			};
			buildConfigurationList = 16A282311BEEB75300BA0174 /* Build configuration list for PBXProject "SwiftStopWatch" */;
			compatibilityVersion = "Xcode 3.2";
			developmentRegion = English;
			hasScannedForEncodings = 0;
			knownRegions = (
				en,
				Base,
			);
			mainGroup = 16A2822D1BEEB75300BA0174;
			productRefGroup = 16A282371BEEB75300BA0174 /* Products */;
			projectDirPath = "";
			projectRoot = "";
			targets = (
				16A282351BEEB75300BA0174 /* SwiftStopWatch */,
				16A282491BEEB75300BA0174 /* SwiftStopWatchTests */,
				16A282541BEEB75300BA0174 /* SwiftStopWatchUITests */,
			);
		};
/* End PBXProject section */

/* Begin PBXResourcesBuildPhase section */
		16A282341BEEB75300BA0174 /* Resources */ = {
			isa = PBXResourcesBuildPhase;
			buildActionMask = 2147483647;
			files = (
				16A282441BEEB75300BA0174 /* LaunchScreen.storyboard in Resources */,
				16A282411BEEB75300BA0174 /* Assets.xcassets in Resources */,
				16A2823F1BEEB75300BA0174 /* Main.storyboard in Resources */,
			);
			runOnlyForDeploymentPostprocessing = 0;
		};
		16A282481BEEB75300BA0174 /* Resources */ = {
			isa = PBXResourcesBuildPhase;
			buildActionMask = 2147483647;
			files = (
			);
			runOnlyForDeploymentPostprocessing = 0;
		};
		16A282531BEEB75300BA0174 /* Resources */ = {
			isa = PBXResourcesBuildPhase;
			buildActionMask = 2147483647;
			files = (
			);
			runOnlyForDeploymentPostprocessing = 0;
		};
/* End PBXResourcesBuildPhase section */

/* Begin PBXSourcesBuildPhase section */
		16A282321BEEB75300BA0174 /* Sources */ = {
			isa = PBXSourcesBuildPhase;
			buildActionMask = 2147483647;
			files = (
				16A2823C1BEEB75300BA0174 /* ViewController.swift in Sources */,
				16A282681BEEB7AD00BA0174 /* StopWatchViewController.swift in Sources */,
				16A2823A1BEEB75300BA0174 /* AppDelegate.swift in Sources */,
			);
			runOnlyForDeploymentPostprocessing = 0;
		};
		16A282461BEEB75300BA0174 /* Sources */ = {
			isa = PBXSourcesBuildPhase;
			buildActionMask = 2147483647;
			files = (
				16A2824F1BEEB75300BA0174 /* SwiftStopWatchTests.swift in Sources */,
			);
			runOnlyForDeploymentPostprocessing = 0;
		};
		16A282511BEEB75300BA0174 /* Sources */ = {
			isa = PBXSourcesBuildPhase;
			buildActionMask = 2147483647;
			files = (
				16A2825A1BEEB75300BA0174 /* SwiftStopWatchUITests.swift in Sources */,
			);
			runOnlyForDeploymentPostprocessing = 0;
		};
/* End PBXSourcesBuildPhase section */

/* Begin PBXTargetDependency section */
		16A2824C1BEEB75300BA0174 /* PBXTargetDependency */ = {
			isa = PBXTargetDependency;
			target = 16A282351BEEB75300BA0174 /* SwiftStopWatch */;
			targetProxy = 16A2824B1BEEB75300BA0174 /* PBXContainerItemProxy */;
		};
		16A282571BEEB75300BA0174 /* PBXTargetDependency */ = {
			isa = PBXTargetDependency;
			target = 16A282351BEEB75300BA0174 /* SwiftStopWatch */;
			targetProxy = 16A282561BEEB75300BA0174 /* PBXContainerItemProxy */;
		};
/* End PBXTargetDependency section */

/* Begin PBXVariantGroup section */
		16A2823D1BEEB75300BA0174 /* Main.storyboard */ = {
			isa = PBXVariantGroup;
			children = (
				16A2823E1BEEB75300BA0174 /* Base */,
			);
			name = Main.storyboard;
			sourceTree = "<group>";
		};
		16A282421BEEB75300BA0174 /* LaunchScreen.storyboard */ = {
			isa = PBXVariantGroup;
			children = (
				16A282431BEEB75300BA0174 /* Base */,
			);
			name = LaunchScreen.storyboard;
			sourceTree = "<group>";
		};
/* End PBXVariantGroup section */

/* Begin XCBuildConfiguration section */
		16A2825C1BEEB75300BA0174 /* Debug */ = {
			isa = XCBuildConfiguration;
			buildSettings = {
				ALWAYS_SEARCH_USER_PATHS = NO;
				CLANG_CXX_LANGUAGE_STANDARD = "gnu++0x";
				CLANG_CXX_LIBRARY = "libc++";
				CLANG_ENABLE_MODULES = YES;
				CLANG_ENABLE_OBJC_ARC = YES;
				CLANG_WARN_BOOL_CONVERSION = YES;
				CLANG_WARN_CONSTANT_CONVERSION = YES;
				CLANG_WARN_DIRECT_OBJC_ISA_USAGE = YES_ERROR;
				CLANG_WARN_EMPTY_BODY = YES;
				CLANG_WARN_ENUM_CONVERSION = YES;
				CLANG_WARN_INT_CONVERSION = YES;
				CLANG_WARN_OBJC_ROOT_CLASS = YES_ERROR;
				CLANG_WARN_UNREACHABLE_CODE = YES;
				CLANG_WARN__DUPLICATE_METHOD_MATCH = YES;
				"CODE_SIGN_IDENTITY[sdk=iphoneos*]" = "iPhone Developer";
				COPY_PHASE_STRIP = NO;
				DEBUG_INFORMATION_FORMAT = dwarf;
				ENABLE_STRICT_OBJC_MSGSEND = YES;
				ENABLE_TESTABILITY = YES;
				GCC_C_LANGUAGE_STANDARD = gnu99;
				GCC_DYNAMIC_NO_PIC = NO;
				GCC_NO_COMMON_BLOCKS = YES;
				GCC_OPTIMIZATION_LEVEL = 0;
				GCC_PREPROCESSOR_DEFINITIONS = (
					"DEBUG=1",
					"$(inherited)",
				);
				GCC_WARN_64_TO_32_BIT_CONVERSION = YES;
				GCC_WARN_ABOUT_RETURN_TYPE = YES_ERROR;
				GCC_WARN_UNDECLARED_SELECTOR = YES;
				GCC_WARN_UNINITIALIZED_AUTOS = YES_AGGRESSIVE;
				GCC_WARN_UNUSED_FUNCTION = YES;
				GCC_WARN_UNUSED_VARIABLE = YES;
				IPHONEOS_DEPLOYMENT_TARGET = 9.1;
				MTL_ENABLE_DEBUG_INFO = YES;
				ONLY_ACTIVE_ARCH = YES;
				SDKROOT = iphoneos;
				SWIFT_OPTIMIZATION_LEVEL = "-Onone";
			};
			name = Debug;
		};
		16A2825D1BEEB75300BA0174 /* Release */ = {
			isa = XCBuildConfiguration;
			buildSettings = {
				ALWAYS_SEARCH_USER_PATHS = NO;
				CLANG_CXX_LANGUAGE_STANDARD = "gnu++0x";
				CLANG_CXX_LIBRARY = "libc++";
				CLANG_ENABLE_MODULES = YES;
				CLANG_ENABLE_OBJC_ARC = YES;
				CLANG_WARN_BOOL_CONVERSION = YES;
				CLANG_WARN_CONSTANT_CONVERSION = YES;
				CLANG_WARN_DIRECT_OBJC_ISA_USAGE = YES_ERROR;
				CLANG_WARN_EMPTY_BODY = YES;
				CLANG_WARN_ENUM_CONVERSION = YES;
				CLANG_WARN_INT_CONVERSION = YES;
				CLANG_WARN_OBJC_ROOT_CLASS = YES_ERROR;
				CLANG_WARN_UNREACHABLE_CODE = YES;
				CLANG_WARN__DUPLICATE_METHOD_MATCH = YES;
				"CODE_SIGN_IDENTITY[sdk=iphoneos*]" = "iPhone Developer";
				COPY_PHASE_STRIP = NO;
				DEBUG_INFORMATION_FORMAT = "dwarf-with-dsym";
				ENABLE_NS_ASSERTIONS = NO;
				ENABLE_STRICT_OBJC_MSGSEND = YES;
				GCC_C_LANGUAGE_STANDARD = gnu99;
				GCC_NO_COMMON_BLOCKS = YES;
				GCC_WARN_64_TO_32_BIT_CONVERSION = YES;
				GCC_WARN_ABOUT_RETURN_TYPE = YES_ERROR;
				GCC_WARN_UNDECLARED_SELECTOR = YES;
				GCC_WARN_UNINITIALIZED_AUTOS = YES_AGGRESSIVE;
				GCC_WARN_UNUSED_FUNCTION = YES;
				GCC_WARN_UNUSED_VARIABLE = YES;
				IPHONEOS_DEPLOYMENT_TARGET = 9.1;
				MTL_ENABLE_DEBUG_INFO = NO;
				SDKROOT = iphoneos;
				VALIDATE_PRODUCT = YES;
			};
			name = Release;
		};
		16A2825F1BEEB75300BA0174 /* Debug */ = {
			isa = XCBuildConfiguration;
			buildSettings = {
				ASSETCATALOG_COMPILER_APPICON_NAME = AppIcon;
				INFOPLIST_FILE = SwiftStopWatch/Info.plist;
				LD_RUNPATH_SEARCH_PATHS = "$(inherited) @executable_path/Frameworks";
				PRODUCT_BUNDLE_IDENTIFIER = divinedavis.SwiftStopWatch;
				PRODUCT_NAME = "$(TARGET_NAME)";
			};
			name = Debug;
		};
		16A282601BEEB75300BA0174 /* Release */ = {
			isa = XCBuildConfiguration;
			buildSettings = {
				ASSETCATALOG_COMPILER_APPICON_NAME = AppIcon;
				INFOPLIST_FILE = SwiftStopWatch/Info.plist;
				LD_RUNPATH_SEARCH_PATHS = "$(inherited) @executable_path/Frameworks";
				PRODUCT_BUNDLE_IDENTIFIER = divinedavis.SwiftStopWatch;
				PRODUCT_NAME = "$(TARGET_NAME)";
			};
			name = Release;
		};
		16A282621BEEB75300BA0174 /* Debug */ = {
			isa = XCBuildConfiguration;
			buildSettings = {
				BUNDLE_LOADER = "$(TEST_HOST)";
				INFOPLIST_FILE = SwiftStopWatchTests/Info.plist;
				LD_RUNPATH_SEARCH_PATHS = "$(inherited) @executable_path/Frameworks @loader_path/Frameworks";
				PRODUCT_BUNDLE_IDENTIFIER = divinedavis.SwiftStopWatchTests;
				PRODUCT_NAME = "$(TARGET_NAME)";
				TEST_HOST = "$(BUILT_PRODUCTS_DIR)/SwiftStopWatch.app/SwiftStopWatch";
			};
			name = Debug;
		};
		16A282631BEEB75300BA0174 /* Release */ = {
			isa = XCBuildConfiguration;
			buildSettings = {
				BUNDLE_LOADER = "$(TEST_HOST)";
				INFOPLIST_FILE = SwiftStopWatchTests/Info.plist;
				LD_RUNPATH_SEARCH_PATHS = "$(inherited) @executable_path/Frameworks @loader_path/Frameworks";
				PRODUCT_BUNDLE_IDENTIFIER = divinedavis.SwiftStopWatchTests;
				PRODUCT_NAME = "$(TARGET_NAME)";
				TEST_HOST = "$(BUILT_PRODUCTS_DIR)/SwiftStopWatch.app/SwiftStopWatch";
			};
			name = Release;
		};
		16A282651BEEB75300BA0174 /* Debug */ = {
			isa = XCBuildConfiguration;
			buildSettings = {
				INFOPLIST_FILE = SwiftStopWatchUITests/Info.plist;
				LD_RUNPATH_SEARCH_PATHS = "$(inherited) @executable_path/Frameworks @loader_path/Frameworks";
				PRODUCT_BUNDLE_IDENTIFIER = divinedavis.SwiftStopWatchUITests;
				PRODUCT_NAME = "$(TARGET_NAME)";
				TEST_TARGET_NAME = SwiftStopWatch;
				USES_XCTRUNNER = YES;
			};
			name = Debug;
		};
		16A282661BEEB75300BA0174 /* Release */ = {
			isa = XCBuildConfiguration;
			buildSettings = {
				INFOPLIST_FILE = SwiftStopWatchUITests/Info.plist;
				LD_RUNPATH_SEARCH_PATHS = "$(inherited) @executable_path/Frameworks @loader_path/Frameworks";
				PRODUCT_BUNDLE_IDENTIFIER = divinedavis.SwiftStopWatchUITests;
				PRODUCT_NAME = "$(TARGET_NAME)";
				TEST_TARGET_NAME = SwiftStopWatch;
				USES_XCTRUNNER = YES;
			};
			name = Release;
		};
/* End XCBuildConfiguration section */

/* Begin XCConfigurationList section */
		16A282311BEEB75300BA0174 /* Build configuration list for PBXProject "SwiftStopWatch" */ = {
			isa = XCConfigurationList;
			buildConfigurations = (
				16A2825C1BEEB75300BA0174 /* Debug */,
				16A2825D1BEEB75300BA0174 /* Release */,
			);
			defaultConfigurationIsVisible = 0;
			defaultConfigurationName = Release;
		};
		16A2825E1BEEB75300BA0174 /* Build configuration list for PBXNativeTarget "SwiftStopWatch" */ = {
			isa = XCConfigurationList;
			buildConfigurations = (
				16A2825F1BEEB75300BA0174 /* Debug */,
				16A282601BEEB75300BA0174 /* Release */,
			);
			defaultConfigurationIsVisible = 0;
		};
		16A282611BEEB75300BA0174 /* Build configuration list for PBXNativeTarget "SwiftStopWatchTests" */ = {
			isa = XCConfigurationList;
			buildConfigurations = (
				16A282621BEEB75300BA0174 /* Debug */,
				16A282631BEEB75300BA0174 /* Release */,
			);
			defaultConfigurationIsVisible = 0;
		};
		16A282641BEEB75300BA0174 /* Build configuration list for PBXNativeTarget "SwiftStopWatchUITests" */ = {
			isa = XCConfigurationList;
			buildConfigurations = (
				16A282651BEEB75300BA0174 /* Debug */,
				16A282661BEEB75300BA0174 /* Release */,
			);
			defaultConfigurationIsVisible = 0;
		};
/* End XCConfigurationList section */
	};
	rootObject = 16A2822E1BEEB75300BA0174 /* Project object */;
}
